{
    "_meta": {
        "hash": {
            "sha256": "0d304c3f648fd7d5ada7e150e6ed044743d473f9165746edeb6f22ce62a7b935"
        },
        "host-environment-markers": {
            "implementation_name": "cpython",
            "implementation_version": "3.5.2",
            "os_name": "posix",
            "platform_machine": "x86_64",
            "platform_python_implementation": "CPython",
            "platform_release": "4.13.0-26-generic",
            "platform_system": "Linux",
            "platform_version": "#29~16.04.2-Ubuntu SMP Tue Jan 9 22:00:44 UTC 2018",
            "python_full_version": "3.5.2",
            "python_version": "3.5",
            "sys_platform": "linux"
        },
        "pipfile-spec": 6,
        "requires": {},
        "sources": [
            {
                "name": "pypi",
                "url": "https://pypi.python.org/simple",
                "verify_ssl": true
            }
        ]
    },
    "default": {
        "click": {
            "hashes": [
                "sha256:29f99fc6125fbc931b758dc053b3114e55c77a6e4c6c3a2674a2dc986016381d",
                "sha256:f15516df478d5a56180fbf80e68f206010e6d160fc39fa508b65e035fd75130b"
            ],
            "version": "==6.7"
        }
    },
    "develop": {
        "behave": {
            "hashes": [
                "sha256:89238a5e4b11ff607e8ebc6b4b1fb1a0b1f3d794fba80e1fb4b6b3652979c927",
                "sha256:8c182feece4a519c5ffc11e1ab3682d25d5a390dd5f4573bb1296443beb9d7c7",
                "sha256:81b731ac5187e31e4aad2594944fa914943683a9818320846d037c5ebd6d5d0b",
                "sha256:07c741f30497b6f9361a9bc74c68418507cd17e70d6f586faa3bff57684a2ec8"
            ],
            "version": "==1.2.5"
        },
        "parse": {
            "hashes": [
                "sha256:8048dde3f5ca07ad7ac7350460952d83b63eaacecdac1b37f45fd74870d849d2"
            ],
            "version": "==1.8.2"
        },
        "parse-type": {
            "hashes": [
                "sha256:6e906a66f340252e4c324914a60d417d33a4bea01292ea9bbf68b4fc123be8c9",
                "sha256:f596bdc75d3dd93036fbfe3d04127da9f6df0c26c36e01e76da85adef4336b3c"
            ],
            "version": "==0.4.2"
        },
        "six": {
            "hashes": [
                "sha256:832dc0e10feb1aa2c68dcc57dbb658f1c7e65b9b61af69048abc87a2db00a0eb",
                "sha256:70e8a77beed4562e7f14fe23a786b54f6296e34344c23bc42f07b15018ff98e9"
            ],
            "version": "==1.11.0"
        }
    }
}
