{
    "_meta": {
        "hash": {
            "sha256": "607c7247e774b42a4f2ceed70cdae6515801b7c08a23a9300fd0be5946507ea1"
        },
        "host-environment-markers": {
            "implementation_name": "cpython",
            "implementation_version": "3.5.2",
            "os_name": "posix",
            "platform_machine": "x86_64",
            "platform_python_implementation": "CPython",
            "platform_release": "4.13.0-26-generic",
            "platform_system": "Linux",
            "platform_version": "#29~16.04.2-Ubuntu SMP Tue Jan 9 22:00:44 UTC 2018",
            "python_full_version": "3.5.2",
            "python_version": "3.5",
            "sys_platform": "linux"
        },
        "pipfile-spec": 6,
        "requires": {},
        "sources": [
            {
                "name": "pypi",
                "url": "https://pypi.python.org/simple",
                "verify_ssl": true
            }
        ]
    },
    "default": {
        "click": {
            "hashes": [
                "sha256:29f99fc6125fbc931b758dc053b3114e55c77a6e4c6c3a2674a2dc986016381d",
                "sha256:f15516df478d5a56180fbf80e68f206010e6d160fc39fa508b65e035fd75130b"
            ],
            "version": "==6.7"
        },
        "editdistance": {
            "hashes": [
                "sha256:729347cbdb3ff1a60077ec0757785f0e3297b99cfc7350ae2c8edad3bde9e91c",
                "sha256:ac67685b879b5c2848bc54c5e01b1c225f680f0abf0c9f0cce63fa157dc6668c",
                "sha256:5fc42568ba1c381a9ca62635100ee1a3674373111391d9c9d949dd71c4bd7d4d",
                "sha256:560ba4f2156819c8b0157ecb29c972191bff04943016c59230cb5216407e4bc0",
                "sha256:8a16f6ea0aa1aa6814afed5d003768dbe29a3c75494af85077ac5a1ef1ee33b1",
                "sha256:ae20348e5a3a560ce2faa5f2006ab168b748bdcf45e4b59716392f00aa1a1233",
                "sha256:70ebab3ca512267f99fcd344280f4ece0d77aa6071ee372955d0b3f8f71b5b5f",
                "sha256:ad9c79528441868af3c98b3ce3ae1dad3075094c129bebfa52ac87e5d9abc4fd",
                "sha256:39d56382029813a5c9a80194e65610c455d7e4f25d25e42829e4947ff8441421",
                "sha256:850c8e78ca2a9ecb48673f19ec66892c9a5bfd10612dbe8b46dfeaaf51e83dde",
                "sha256:a2a51299b4dff5bfae12047c305b194719d58b48f4da1f05c10c1f77cdb0c0f8",
                "sha256:3a9d4a76f481ba5d49a28a25c804ae9ba82cecc111664c054354a29e98bc93d6",
                "sha256:00aa0181965d6619d166f5bedc9895cea2af6ff54615393a3af7a416b8846825",
                "sha256:a14bf476030113deb686ead4b69509523bffc4ca18f5e7091cbd2624e12bfa49",
                "sha256:11a343422c200eabb873dc40de145d29e5bbc8d0c20169f98228a60f4ff4ba76",
                "sha256:dfd38f5b3c07f4521aaa2be80cc81b057c90a6d2cd4fc482551dd9013354a39b",
                "sha256:45c6d63087803f0c4eedd5c0c04300f7daf55f82c1736efd8258764ed8625775",
                "sha256:408cf97b4cacfd7a0a868444df4bca1aa7f2c9dd82e885899f63cb3bcb26f48f",
                "sha256:dd3c68078a2fffac876c0d39bd43ca466d790ebc6a4f49b5460d968f36f2b878",
                "sha256:db83a6eff3d6c294062c334cdb7aefaad398bbd0dc2cfbf2c5e1425b664c7cd6",
                "sha256:c1c584042c501dc36d821a931412fda7fa71f1132cb6cc3212a250333da9b038",
                "sha256:bbf0d7aa6a5b7de663a5c3b6b28e69556eb3590ba7c94e985605ec044ce4f955",
                "sha256:24145b3bbe0bcd52164a24c10319d13326d1cfa98f8ba879c9a90cdac3984aaf",
                "sha256:19021eeab7bb8a8ca3233b573b3ee89495de5c77aadc27b7e9c85b943036bd44",
                "sha256:97f04e8c0fd6e3fdb9b7cbd7820ac9d4b25eca6bb7eac0cdf5a23a1b8b9c6639",
                "sha256:0ce0648d427b87f5444641fa5e6ae7a1c162329e1b64e1f55f4e3cee27b0f255",
                "sha256:c765db6f8817d38922e4a50be4b9ab338b2c539377b6fcf0bca11dea72eeb8c1"
            ],
            "version": "==0.4"
        }
    },
    "develop": {
        "behave": {
            "hashes": [
                "sha256:ebda1a6c9e5bfe95c5f9f0a2794e01c7098b3dde86c10a95d8621c5907ff6f1c",
                "sha256:b9662327aa53294c1351b0a9c369093ccec1d21026f050c3bd9b3e5cccf81a86"
            ],
            "version": "==1.2.6"
        },
        "parse": {
            "hashes": [
                "sha256:8048dde3f5ca07ad7ac7350460952d83b63eaacecdac1b37f45fd74870d849d2"
            ],
            "version": "==1.8.2"
        },
        "parse-type": {
            "hashes": [
                "sha256:6e906a66f340252e4c324914a60d417d33a4bea01292ea9bbf68b4fc123be8c9",
                "sha256:f596bdc75d3dd93036fbfe3d04127da9f6df0c26c36e01e76da85adef4336b3c"
            ],
            "version": "==0.4.2"
        },
        "six": {
            "hashes": [
                "sha256:832dc0e10feb1aa2c68dcc57dbb658f1c7e65b9b61af69048abc87a2db00a0eb",
                "sha256:70e8a77beed4562e7f14fe23a786b54f6296e34344c23bc42f07b15018ff98e9"
            ],
            "version": "==1.11.0"
        }
    }
}
